
Microsoft Visual Studio Solution File, Format Version 12.00
# Visual Studio Version 17
VisualStudioVersion = 17.9.34616.47
MinimumVisualStudioVersion = 10.0.40219.1
Project("{888888A0-9F3D-457C-B088-3A5042F75D52}") = "WebScraping", "WebScraping\WebScraping.pyproj", "{0DB78834-9832-4D71-A541-7CB32B5B26BE}"
EndProject
Global
	GlobalSection(SolutionConfigurationPlatforms) = preSolution
		Debug|Any CPU = Debug|Any CPU
		Release|Any CPU = Release|Any CPU
	EndGlobalSection
	GlobalSection(ProjectConfigurationPlatforms) = postSolution
		{0DB78834-9832-4D71-A541-7CB32B5B26BE}.Debug|Any CPU.ActiveCfg = Debug|Any CPU
		{0DB78834-9832-4D71-A541-7CB32B5B26BE}.Release|Any CPU.ActiveCfg = Release|Any CPU
	EndGlobalSection
	GlobalSection(SolutionProperties) = preSolution
		HideSolutionNode = FALSE
	EndGlobalSection
	GlobalSection(ExtensibilityGlobals) = postSolution
		SolutionGuid = {00B5D9B7-E4FD-43FE-B8E8-3BABDFBC8955}
	EndGlobalSection
EndGlobal
